
Microsoft Visual Studio Solution File, Format Version 12.00
# Visual Studio Version 17
VisualStudioVersion = 17.3.32929.385
MinimumVisualStudioVersion = 10.0.40219.1
Project("{9A19103F-16F7-4668-BE54-9A1E7A4F7556}") = "Core.Business", "3. Core\Core.Business.csproj", "{B5E931DE-3C8C-44CC-91E7-2E79EAA6F1CB}"
EndProject
Project("{9A19103F-16F7-4668-BE54-9A1E7A4F7556}") = "Infraestructure", "4. Infraestructure\Infraestructure.csproj", "{96CB9D38-A581-4165-B2FD-4A7CEA273353}"
EndProject
Project("{2150E333-8FDC-42A3-9474-1A3956D46DE8}") = "1. API", "1. API", "{4B5C9F52-4F8B-4CFF-B55E-5F5CD6939994}"
EndProject
Project("{2150E333-8FDC-42A3-9474-1A3956D46DE8}") = "2. Core", "2. Core", "{794924A5-0471-495E-B888-161347021972}"
EndProject
Project("{9A19103F-16F7-4668-BE54-9A1E7A4F7556}") = "Core.Contracts", "Core.Contracts\Core.Contracts.csproj", "{FEE9BB7D-B859-4664-8FFD-97496824BE9D}"
EndProject
Project("{9A19103F-16F7-4668-BE54-9A1E7A4F7556}") = "Core.Domain", "Core.Domain\Core.Domain.csproj", "{F15C5DAA-F754-4DE1-8658-BBC243E45028}"
EndProject
Project("{2150E333-8FDC-42A3-9474-1A3956D46DE8}") = "3. Infraestructure", "3. Infraestructure", "{CA64C24C-35A7-4F70-A277-BA6380DEF4F7}"
EndProject
Project("{2150E333-8FDC-42A3-9474-1A3956D46DE8}") = "4. Transversal", "4. Transversal", "{FF73ABE8-0681-46BB-A35F-616EAB21565F}"
EndProject
Project("{9A19103F-16F7-4668-BE54-9A1E7A4F7556}") = "Transversal.Extensions", "Transversal.Extensions\Transversal.Extensions.csproj", "{A21DE301-E59D-4EC0-8D42-5D754E8EEC49}"
EndProject
Project("{9A19103F-16F7-4668-BE54-9A1E7A4F7556}") = "Transversal.Helpers", "Transversal.Helpers\Transversal.Helpers.csproj", "{B8A4ED22-BCF0-4890-8BC5-1D312FE4CBCB}"
EndProject
Project("{9A19103F-16F7-4668-BE54-9A1E7A4F7556}") = "Transversal.StorageService", "Transversal.StorageService\Transversal.StorageService.csproj", "{F55CEB16-7010-41D4-B97B-CE528819C4C4}"
EndProject
Project("{2150E333-8FDC-42A3-9474-1A3956D46DE8}") = "5. IoC", "5. IoC", "{3A9786FA-4482-4C86-B953-E82F933609E9}"
EndProject
Project("{9A19103F-16F7-4668-BE54-9A1E7A4F7556}") = "IoC.Resolver", "IoC.Resolver\IoC.Resolver.csproj", "{AFC400B8-4D0A-47D8-8C98-38FB4166C1D3}"
EndProject
Project("{9A19103F-16F7-4668-BE54-9A1E7A4F7556}") = "Transversal.EmailService", "Transversal.EmailService\Transversal.EmailService.csproj", "{50E00BE0-0ED0-4BEC-84B1-F9AD839419C8}"
EndProject
Project("{9A19103F-16F7-4668-BE54-9A1E7A4F7556}") = "API Business", "API Business\API Business.csproj", "{27CE0176-5264-40C6-873D-2DAE75EADA1B}"
EndProject
Project("{9A19103F-16F7-4668-BE54-9A1E7A4F7556}") = "API Gateway", "2. API Gateway\API Gateway.csproj", "{6856D88B-F097-4C4E-AB0F-137576A35A5E}"
EndProject
Global
	GlobalSection(SolutionConfigurationPlatforms) = preSolution
		Debug|Any CPU = Debug|Any CPU
		Release|Any CPU = Release|Any CPU
	EndGlobalSection
	GlobalSection(ProjectConfigurationPlatforms) = postSolution
		{B5E931DE-3C8C-44CC-91E7-2E79EAA6F1CB}.Debug|Any CPU.ActiveCfg = Debug|Any CPU
		{B5E931DE-3C8C-44CC-91E7-2E79EAA6F1CB}.Debug|Any CPU.Build.0 = Debug|Any CPU
		{B5E931DE-3C8C-44CC-91E7-2E79EAA6F1CB}.Release|Any CPU.ActiveCfg = Release|Any CPU
		{B5E931DE-3C8C-44CC-91E7-2E79EAA6F1CB}.Release|Any CPU.Build.0 = Release|Any CPU
		{96CB9D38-A581-4165-B2FD-4A7CEA273353}.Debug|Any CPU.ActiveCfg = Debug|Any CPU
		{96CB9D38-A581-4165-B2FD-4A7CEA273353}.Debug|Any CPU.Build.0 = Debug|Any CPU
		{96CB9D38-A581-4165-B2FD-4A7CEA273353}.Release|Any CPU.ActiveCfg = Release|Any CPU
		{96CB9D38-A581-4165-B2FD-4A7CEA273353}.Release|Any CPU.Build.0 = Release|Any CPU
		{FEE9BB7D-B859-4664-8FFD-97496824BE9D}.Debug|Any CPU.ActiveCfg = Debug|Any CPU
		{FEE9BB7D-B859-4664-8FFD-97496824BE9D}.Debug|Any CPU.Build.0 = Debug|Any CPU
		{FEE9BB7D-B859-4664-8FFD-97496824BE9D}.Release|Any CPU.ActiveCfg = Release|Any CPU
		{FEE9BB7D-B859-4664-8FFD-97496824BE9D}.Release|Any CPU.Build.0 = Release|Any CPU
		{F15C5DAA-F754-4DE1-8658-BBC243E45028}.Debug|Any CPU.ActiveCfg = Debug|Any CPU
		{F15C5DAA-F754-4DE1-8658-BBC243E45028}.Debug|Any CPU.Build.0 = Debug|Any CPU
		{F15C5DAA-F754-4DE1-8658-BBC243E45028}.Release|Any CPU.ActiveCfg = Release|Any CPU
		{F15C5DAA-F754-4DE1-8658-BBC243E45028}.Release|Any CPU.Build.0 = Release|Any CPU
		{A21DE301-E59D-4EC0-8D42-5D754E8EEC49}.Debug|Any CPU.ActiveCfg = Debug|Any CPU
		{A21DE301-E59D-4EC0-8D42-5D754E8EEC49}.Debug|Any CPU.Build.0 = Debug|Any CPU
		{A21DE301-E59D-4EC0-8D42-5D754E8EEC49}.Release|Any CPU.ActiveCfg = Release|Any CPU
		{A21DE301-E59D-4EC0-8D42-5D754E8EEC49}.Release|Any CPU.Build.0 = Release|Any CPU
		{B8A4ED22-BCF0-4890-8BC5-1D312FE4CBCB}.Debug|Any CPU.ActiveCfg = Debug|Any CPU
		{B8A4ED22-BCF0-4890-8BC5-1D312FE4CBCB}.Debug|Any CPU.Build.0 = Debug|Any CPU
		{B8A4ED22-BCF0-4890-8BC5-1D312FE4CBCB}.Release|Any CPU.ActiveCfg = Release|Any CPU
		{B8A4ED22-BCF0-4890-8BC5-1D312FE4CBCB}.Release|Any CPU.Build.0 = Release|Any CPU
		{F55CEB16-7010-41D4-B97B-CE528819C4C4}.Debug|Any CPU.ActiveCfg = Debug|Any CPU
		{F55CEB16-7010-41D4-B97B-CE528819C4C4}.Debug|Any CPU.Build.0 = Debug|Any CPU
		{F55CEB16-7010-41D4-B97B-CE528819C4C4}.Release|Any CPU.ActiveCfg = Release|Any CPU
		{F55CEB16-7010-41D4-B97B-CE528819C4C4}.Release|Any CPU.Build.0 = Release|Any CPU
		{AFC400B8-4D0A-47D8-8C98-38FB4166C1D3}.Debug|Any CPU.ActiveCfg = Debug|Any CPU
		{AFC400B8-4D0A-47D8-8C98-38FB4166C1D3}.Debug|Any CPU.Build.0 = Debug|Any CPU
		{AFC400B8-4D0A-47D8-8C98-38FB4166C1D3}.Release|Any CPU.ActiveCfg = Release|Any CPU
		{AFC400B8-4D0A-47D8-8C98-38FB4166C1D3}.Release|Any CPU.Build.0 = Release|Any CPU
		{50E00BE0-0ED0-4BEC-84B1-F9AD839419C8}.Debug|Any CPU.ActiveCfg = Debug|Any CPU
		{50E00BE0-0ED0-4BEC-84B1-F9AD839419C8}.Debug|Any CPU.Build.0 = Debug|Any CPU
		{50E00BE0-0ED0-4BEC-84B1-F9AD839419C8}.Release|Any CPU.ActiveCfg = Release|Any CPU
		{50E00BE0-0ED0-4BEC-84B1-F9AD839419C8}.Release|Any CPU.Build.0 = Release|Any CPU
		{27CE0176-5264-40C6-873D-2DAE75EADA1B}.Debug|Any CPU.ActiveCfg = Debug|Any CPU
		{27CE0176-5264-40C6-873D-2DAE75EADA1B}.Debug|Any CPU.Build.0 = Debug|Any CPU
		{27CE0176-5264-40C6-873D-2DAE75EADA1B}.Release|Any CPU.ActiveCfg = Release|Any CPU
		{27CE0176-5264-40C6-873D-2DAE75EADA1B}.Release|Any CPU.Build.0 = Release|Any CPU
		{6856D88B-F097-4C4E-AB0F-137576A35A5E}.Debug|Any CPU.ActiveCfg = Debug|Any CPU
		{6856D88B-F097-4C4E-AB0F-137576A35A5E}.Debug|Any CPU.Build.0 = Debug|Any CPU
		{6856D88B-F097-4C4E-AB0F-137576A35A5E}.Release|Any CPU.ActiveCfg = Release|Any CPU
		{6856D88B-F097-4C4E-AB0F-137576A35A5E}.Release|Any CPU.Build.0 = Release|Any CPU
	EndGlobalSection
	GlobalSection(SolutionProperties) = preSolution
		HideSolutionNode = FALSE
	EndGlobalSection
	GlobalSection(NestedProjects) = preSolution
		{B5E931DE-3C8C-44CC-91E7-2E79EAA6F1CB} = {794924A5-0471-495E-B888-161347021972}
		{96CB9D38-A581-4165-B2FD-4A7CEA273353} = {CA64C24C-35A7-4F70-A277-BA6380DEF4F7}
		{FEE9BB7D-B859-4664-8FFD-97496824BE9D} = {794924A5-0471-495E-B888-161347021972}
		{F15C5DAA-F754-4DE1-8658-BBC243E45028} = {794924A5-0471-495E-B888-161347021972}
		{A21DE301-E59D-4EC0-8D42-5D754E8EEC49} = {FF73ABE8-0681-46BB-A35F-616EAB21565F}
		{B8A4ED22-BCF0-4890-8BC5-1D312FE4CBCB} = {FF73ABE8-0681-46BB-A35F-616EAB21565F}
		{F55CEB16-7010-41D4-B97B-CE528819C4C4} = {FF73ABE8-0681-46BB-A35F-616EAB21565F}
		{AFC400B8-4D0A-47D8-8C98-38FB4166C1D3} = {3A9786FA-4482-4C86-B953-E82F933609E9}
		{50E00BE0-0ED0-4BEC-84B1-F9AD839419C8} = {FF73ABE8-0681-46BB-A35F-616EAB21565F}
		{27CE0176-5264-40C6-873D-2DAE75EADA1B} = {4B5C9F52-4F8B-4CFF-B55E-5F5CD6939994}
		{6856D88B-F097-4C4E-AB0F-137576A35A5E} = {4B5C9F52-4F8B-4CFF-B55E-5F5CD6939994}
	EndGlobalSection
	GlobalSection(ExtensibilityGlobals) = postSolution
		SolutionGuid = {8B549725-BAFF-4A58-AE0D-A565229E769F}
	EndGlobalSection
EndGlobal
